// !$*UTF8*$!
{
	archiveVersion = 1;
	classes = {
	};
	objectVersion = 46;
	objects = {

/* Begin PBXBuildFile section */
		B5056EBC139ED29400137B5D /* OpenCV.cp in Sources */ = {isa = PBXBuildFile; fileRef = B5056EBB139ED29400137B5D /* OpenCV.cp */; };
		B5056ECA139ED31E00137B5D /* libopencv_contrib.2.2.0.dylib in Frameworks */ = {isa = PBXBuildFile; fileRef = B5056EC2139ED31E00137B5D /* libopencv_contrib.2.2.0.dylib */; };
		B5056ECB139ED31E00137B5D /* libopencv_imgproc.2.2.0.dylib in Frameworks */ = {isa = PBXBuildFile; fileRef = B5056EC3139ED31E00137B5D /* libopencv_imgproc.2.2.0.dylib */; };
		B5056ECC139ED31E00137B5D /* libopencv_calib3d.2.2.0.dylib in Frameworks */ = {isa = PBXBuildFile; fileRef = B5056EC4139ED31E00137B5D /* libopencv_calib3d.2.2.0.dylib */; };
		B5056ECD139ED31E00137B5D /* libopencv_objdetect.2.2.0.dylib in Frameworks */ = {isa = PBXBuildFile; fileRef = B5056EC5139ED31E00137B5D /* libopencv_objdetect.2.2.0.dylib */; };
		B5056ECE139ED31E00137B5D /* libopencv_highgui.2.2.0.dylib in Frameworks */ = {isa = PBXBuildFile; fileRef = B5056EC6139ED31E00137B5D /* libopencv_highgui.2.2.0.dylib */; };
		B5056ECF139ED31E00137B5D /* libopencv_core.2.2.0.dylib in Frameworks */ = {isa = PBXBuildFile; fileRef = B5056EC7139ED31E00137B5D /* libopencv_core.2.2.0.dylib */; };
		B5056ED0139ED31E00137B5D /* libopencv_features2d.2.2.0.dylib in Frameworks */ = {isa = PBXBuildFile; fileRef = B5056EC8139ED31E00137B5D /* libopencv_features2d.2.2.0.dylib */; };
		B5056ED1139ED31E00137B5D /* libopencv_flann.2.2.0.dylib in Frameworks */ = {isa = PBXBuildFile; fileRef = B5056EC9139ED31E00137B5D /* libopencv_flann.2.2.0.dylib */; };
/* End PBXBuildFile section */

/* Begin PBXFileReference section */
		B5056EB1139ED29300137B5D /* OpenCV.dylib */ = {isa = PBXFileReference; explicitFileType = "compiled.mach-o.dylib"; includeInIndex = 0; path = OpenCV.dylib; sourceTree = BUILT_PRODUCTS_DIR; };
		B5056EB5139ED29300137B5D /* OpenCV-Prefix.pch */ = {isa = PBXFileReference; lastKnownFileType = sourcecode.c.h; path = "OpenCV-Prefix.pch"; sourceTree = "<group>"; };
		B5056EB6139ED29300137B5D /* OpenCVProj.xcconfig */ = {isa = PBXFileReference; lastKnownFileType = text.xcconfig; path = OpenCVProj.xcconfig; sourceTree = "<group>"; };
		B5056EB7139ED29300137B5D /* OpenCVTarget.xcconfig */ = {isa = PBXFileReference; lastKnownFileType = text.xcconfig; path = OpenCVTarget.xcconfig; sourceTree = "<group>"; };
		B5056EB8139ED29300137B5D /* OpenCV.h */ = {isa = PBXFileReference; lastKnownFileType = sourcecode.c.h; path = OpenCV.h; sourceTree = "<group>"; };
		B5056EBA139ED29300137B5D /* OpenCVPriv.h */ = {isa = PBXFileReference; lastKnownFileType = sourcecode.c.h; path = OpenCVPriv.h; sourceTree = "<group>"; };
		B5056EBB139ED29400137B5D /* OpenCV.cp */ = {isa = PBXFileReference; lastKnownFileType = sourcecode.cpp.cpp; path = OpenCV.cp; sourceTree = "<group>"; };
		B5056EC2139ED31E00137B5D /* libopencv_contrib.2.2.0.dylib */ = {isa = PBXFileReference; lastKnownFileType = "compiled.mach-o.dylib"; name = libopencv_contrib.2.2.0.dylib; path = /opt/local/lib/libopencv_contrib.2.2.0.dylib; sourceTree = "<absolute>"; };
		B5056EC3139ED31E00137B5D /* libopencv_imgproc.2.2.0.dylib */ = {isa = PBXFileReference; lastKnownFileType = "compiled.mach-o.dylib"; name = libopencv_imgproc.2.2.0.dylib; path = /opt/local/lib/libopencv_imgproc.2.2.0.dylib; sourceTree = "<absolute>"; };
		B5056EC4139ED31E00137B5D /* libopencv_calib3d.2.2.0.dylib */ = {isa = PBXFileReference; lastKnownFileType = "compiled.mach-o.dylib"; name = libopencv_calib3d.2.2.0.dylib; path = /opt/local/lib/libopencv_calib3d.2.2.0.dylib; sourceTree = "<absolute>"; };
		B5056EC5139ED31E00137B5D /* libopencv_objdetect.2.2.0.dylib */ = {isa = PBXFileReference; lastKnownFileType = "compiled.mach-o.dylib"; name = libopencv_objdetect.2.2.0.dylib; path = /opt/local/lib/libopencv_objdetect.2.2.0.dylib; sourceTree = "<absolute>"; };
		B5056EC6139ED31E00137B5D /* libopencv_highgui.2.2.0.dylib */ = {isa = PBXFileReference; lastKnownFileType = "compiled.mach-o.dylib"; name = libopencv_highgui.2.2.0.dylib; path = /opt/local/lib/libopencv_highgui.2.2.0.dylib; sourceTree = "<absolute>"; };
		B5056EC7139ED31E00137B5D /* libopencv_core.2.2.0.dylib */ = {isa = PBXFileReference; lastKnownFileType = "compiled.mach-o.dylib"; name = libopencv_core.2.2.0.dylib; path = /opt/local/lib/libopencv_core.2.2.0.dylib; sourceTree = "<absolute>"; };
		B5056EC8139ED31E00137B5D /* libopencv_features2d.2.2.0.dylib */ = {isa = PBXFileReference; lastKnownFileType = "compiled.mach-o.dylib"; name = libopencv_features2d.2.2.0.dylib; path = /opt/local/lib/libopencv_features2d.2.2.0.dylib; sourceTree = "<absolute>"; };
		B5056EC9139ED31E00137B5D /* libopencv_flann.2.2.0.dylib */ = {isa = PBXFileReference; lastKnownFileType = "compiled.mach-o.dylib"; name = libopencv_flann.2.2.0.dylib; path = /opt/local/lib/libopencv_flann.2.2.0.dylib; sourceTree = "<absolute>"; };
/* End PBXFileReference section */

/* Begin PBXFrameworksBuildPhase section */
		B5056EAE139ED29300137B5D /* Frameworks */ = {
			isa = PBXFrameworksBuildPhase;
			buildActionMask = 2147483647;
			files = (
				B5056ECA139ED31E00137B5D /* libopencv_contrib.2.2.0.dylib in Frameworks */,
				B5056ECB139ED31E00137B5D /* libopencv_imgproc.2.2.0.dylib in Frameworks */,
				B5056ECC139ED31E00137B5D /* libopencv_calib3d.2.2.0.dylib in Frameworks */,
				B5056ECD139ED31E00137B5D /* libopencv_objdetect.2.2.0.dylib in Frameworks */,
				B5056ECE139ED31E00137B5D /* libopencv_highgui.2.2.0.dylib in Frameworks */,
				B5056ECF139ED31E00137B5D /* libopencv_core.2.2.0.dylib in Frameworks */,
				B5056ED0139ED31E00137B5D /* libopencv_features2d.2.2.0.dylib in Frameworks */,
				B5056ED1139ED31E00137B5D /* libopencv_flann.2.2.0.dylib in Frameworks */,
			);
			runOnlyForDeploymentPostprocessing = 0;
		};
/* End PBXFrameworksBuildPhase section */

/* Begin PBXGroup section */
		B5056EA6139ED29300137B5D = {
			isa = PBXGroup;
			children = (
				B5056EB3139ED29300137B5D /* OpenCV */,
				B5056EB2139ED29300137B5D /* Products */,
			);
			sourceTree = "<group>";
		};
		B5056EB2139ED29300137B5D /* Products */ = {
			isa = PBXGroup;
			children = (
				B5056EB1139ED29300137B5D /* OpenCV.dylib */,
			);
			name = Products;
			sourceTree = "<group>";
		};
		B5056EB3139ED29300137B5D /* OpenCV */ = {
			isa = PBXGroup;
			children = (
				B5056EB6139ED29300137B5D /* OpenCVProj.xcconfig */,
				B5056EB7139ED29300137B5D /* OpenCVTarget.xcconfig */,
				B5056EB8139ED29300137B5D /* OpenCV.h */,
				B5056EBA139ED29300137B5D /* OpenCVPriv.h */,
				B5056EBB139ED29400137B5D /* OpenCV.cp */,
				B5056EB4139ED29300137B5D /* Supporting Files */,
			);
			path = OpenCV;
			sourceTree = "<group>";
		};
		B5056EB4139ED29300137B5D /* Supporting Files */ = {
			isa = PBXGroup;
			children = (
				B5056EC2139ED31E00137B5D /* libopencv_contrib.2.2.0.dylib */,
				B5056EC3139ED31E00137B5D /* libopencv_imgproc.2.2.0.dylib */,
				B5056EC4139ED31E00137B5D /* libopencv_calib3d.2.2.0.dylib */,
				B5056EC5139ED31E00137B5D /* libopencv_objdetect.2.2.0.dylib */,
				B5056EC6139ED31E00137B5D /* libopencv_highgui.2.2.0.dylib */,
				B5056EC7139ED31E00137B5D /* libopencv_core.2.2.0.dylib */,
				B5056EC8139ED31E00137B5D /* libopencv_features2d.2.2.0.dylib */,
				B5056EC9139ED31E00137B5D /* libopencv_flann.2.2.0.dylib */,
				B5056EB5139ED29300137B5D /* OpenCV-Prefix.pch */,
			);
			name = "Supporting Files";
			sourceTree = "<group>";
		};
/* End PBXGroup section */

/* Begin PBXHeadersBuildPhase section */
		B5056EAF139ED29300137B5D /* Headers */ = {
			isa = PBXHeadersBuildPhase;
			buildActionMask = 2147483647;
			files = (
			);
			runOnlyForDeploymentPostprocessing = 0;
		};
/* End PBXHeadersBuildPhase section */

/* Begin PBXNativeTarget section */
		B5056EB0139ED29300137B5D /* OpenCV */ = {
			isa = PBXNativeTarget;
			buildConfigurationList = B5056EBF139ED29400137B5D /* Build configuration list for PBXNativeTarget "OpenCV" */;
			buildPhases = (
				B5056EAD139ED29300137B5D /* Sources */,
				B5056EAE139ED29300137B5D /* Frameworks */,
				B5056EAF139ED29300137B5D /* Headers */,
			);
			buildRules = (
			);
			dependencies = (
			);
			name = OpenCV;
			productName = OpenCV;
			productReference = B5056EB1139ED29300137B5D /* OpenCV.dylib */;
			productType = "com.apple.product-type.library.dynamic";
		};
/* End PBXNativeTarget section */

/* Begin PBXProject section */
		B5056EA8139ED29300137B5D /* Project object */ = {
			isa = PBXProject;
			buildConfigurationList = B5056EAB139ED29300137B5D /* Build configuration list for PBXProject "OpenCV" */;
			compatibilityVersion = "Xcode 3.2";
			developmentRegion = English;
			hasScannedForEncodings = 0;
			knownRegions = (
				en,
			);
			mainGroup = B5056EA6139ED29300137B5D;
			productRefGroup = B5056EB2139ED29300137B5D /* Products */;
			projectDirPath = "";
			projectRoot = "";
			targets = (
				B5056EB0139ED29300137B5D /* OpenCV */,
			);
		};
/* End PBXProject section */

/* Begin PBXSourcesBuildPhase section */
		B5056EAD139ED29300137B5D /* Sources */ = {
			isa = PBXSourcesBuildPhase;
			buildActionMask = 2147483647;
			files = (
				B5056EBC139ED29400137B5D /* OpenCV.cp in Sources */,
			);
			runOnlyForDeploymentPostprocessing = 0;
		};
/* End PBXSourcesBuildPhase section */

/* Begin XCBuildConfiguration section */
		B5056EBD139ED29400137B5D /* Debug */ = {
			isa = XCBuildConfiguration;
			buildSettings = {
				ARCHS = "$(ARCHS_STANDARD_64_BIT)";
				GCC_C_LANGUAGE_STANDARD = gnu99;
				GCC_OPTIMIZATION_LEVEL = 0;
				GCC_PREPROCESSOR_DEFINITIONS = DEBUG;
				GCC_SYMBOLS_PRIVATE_EXTERN = NO;
				GCC_VERSION = com.apple.compilers.llvm.clang.1_0;
				GCC_WARN_64_TO_32_BIT_CONVERSION = YES;
				GCC_WARN_ABOUT_RETURN_TYPE = YES;
				GCC_WARN_UNUSED_VARIABLE = YES;
				MACOSX_DEPLOYMENT_TARGET = 10.6;
				ONLY_ACTIVE_ARCH = YES;
				SDKROOT = macosx;
			};
			name = Debug;
		};
		B5056EBE139ED29400137B5D /* Release */ = {
			isa = XCBuildConfiguration;
			buildSettings = {
				ARCHS = "$(ARCHS_STANDARD_64_BIT)";
				GCC_C_LANGUAGE_STANDARD = gnu99;
				GCC_VERSION = com.apple.compilers.llvm.clang.1_0;
				GCC_WARN_64_TO_32_BIT_CONVERSION = YES;
				GCC_WARN_ABOUT_RETURN_TYPE = YES;
				GCC_WARN_UNUSED_VARIABLE = YES;
				MACOSX_DEPLOYMENT_TARGET = 10.6;
				SDKROOT = macosx;
			};
			name = Release;
		};
		B5056EC0139ED29400137B5D /* Debug */ = {
			isa = XCBuildConfiguration;
			buildSettings = {
				ALWAYS_SEARCH_USER_PATHS = NO;
				COPY_PHASE_STRIP = NO;
				FRAMEWORK_SEARCH_PATHS = /opt/local/include;
				GCC_DYNAMIC_NO_PIC = NO;
				GCC_ENABLE_OBJC_EXCEPTIONS = YES;
				HEADER_SEARCH_PATHS = /opt/local/include;
				INSTALL_PATH = "@executable_path/../Frameworks";
				LIBRARY_SEARCH_PATHS = (
					"$(inherited)",
					/opt/local/lib,
				);
				PRIVATE_HEADERS_FOLDER_PATH = /opt/local/include;
				PRODUCT_NAME = "$(TARGET_NAME)";
				PUBLIC_HEADERS_FOLDER_PATH = /opt/local/include;
			};
			name = Debug;
		};
		B5056EC1139ED29400137B5D /* Release */ = {
			isa = XCBuildConfiguration;
			buildSettings = {
				ALWAYS_SEARCH_USER_PATHS = NO;
				COPY_PHASE_STRIP = YES;
				DEBUG_INFORMATION_FORMAT = "dwarf-with-dsym";
				FRAMEWORK_SEARCH_PATHS = /opt/local/include;
				GCC_ENABLE_OBJC_EXCEPTIONS = YES;
				HEADER_SEARCH_PATHS = /opt/local/include;
				INSTALL_PATH = "@executable_path/../Frameworks";
				LIBRARY_SEARCH_PATHS = (
					"$(inherited)",
					/opt/local/lib,
				);
				PRIVATE_HEADERS_FOLDER_PATH = /opt/local/include;
				PRODUCT_NAME = "$(TARGET_NAME)";
				PUBLIC_HEADERS_FOLDER_PATH = /opt/local/include;
			};
			name = Release;
		};
/* End XCBuildConfiguration section */

/* Begin XCConfigurationList section */
		B5056EAB139ED29300137B5D /* Build configuration list for PBXProject "OpenCV" */ = {
			isa = XCConfigurationList;
			buildConfigurations = (
				B5056EBD139ED29400137B5D /* Debug */,
				B5056EBE139ED29400137B5D /* Release */,
			);
			defaultConfigurationIsVisible = 0;
			defaultConfigurationName = Release;
		};
		B5056EBF139ED29400137B5D /* Build configuration list for PBXNativeTarget "OpenCV" */ = {
			isa = XCConfigurationList;
			buildConfigurations = (
				B5056EC0139ED29400137B5D /* Debug */,
				B5056EC1139ED29400137B5D /* Release */,
			);
			defaultConfigurationIsVisible = 0;
			defaultConfigurationName = Release;
		};
/* End XCConfigurationList section */
	};
	rootObject = B5056EA8139ED29300137B5D /* Project object */;
}
